// !$*UTF8*$!
{
	archiveVersion = 1;
	classes = {
	};
	objectVersion = 46;
	objects = {

/* Begin PBXBuildFile section */
		5125C91B1BFEE156007D9E22 /* AppDelegate.swift in Sources */ = {isa = PBXBuildFile; fileRef = 5125C91A1BFEE156007D9E22 /* AppDelegate.swift */; };
		5125C91D1BFEE156007D9E22 /* ViewController.swift in Sources */ = {isa = PBXBuildFile; fileRef = 5125C91C1BFEE156007D9E22 /* ViewController.swift */; };
		5125C9201BFEE156007D9E22 /* Main.storyboard in Resources */ = {isa = PBXBuildFile; fileRef = 5125C91E1BFEE156007D9E22 /* Main.storyboard */; };
		5125C9221BFEE156007D9E22 /* Assets.xcassets in Resources */ = {isa = PBXBuildFile; fileRef = 5125C9211BFEE156007D9E22 /* Assets.xcassets */; };
		5125C9251BFEE156007D9E22 /* LaunchScreen.storyboard in Resources */ = {isa = PBXBuildFile; fileRef = 5125C9231BFEE156007D9E22 /* LaunchScreen.storyboard */; };
		5125C9301BFEE156007D9E22 /* FirstTests.swift in Sources */ = {isa = PBXBuildFile; fileRef = 5125C92F1BFEE156007D9E22 /* FirstTests.swift */; };
/* End PBXBuildFile section */

/* Begin PBXContainerItemProxy section */
		5125C92C1BFEE156007D9E22 /* PBXContainerItemProxy */ = {
			isa = PBXContainerItemProxy;
			containerPortal = 5125C90F1BFEE156007D9E22 /* Project object */;
			proxyType = 1;
			remoteGlobalIDString = 5125C9161BFEE156007D9E22;
			remoteInfo = First;
		};
/* End PBXContainerItemProxy section */

/* Begin PBXFileReference section */
		5125C9171BFEE156007D9E22 /* First.app */ = {isa = PBXFileReference; explicitFileType = wrapper.application; includeInIndex = 0; path = First.app; sourceTree = BUILT_PRODUCTS_DIR; };
		5125C91A1BFEE156007D9E22 /* AppDelegate.swift */ = {isa = PBXFileReference; lastKnownFileType = sourcecode.swift; path = AppDelegate.swift; sourceTree = "<group>"; };
		5125C91C1BFEE156007D9E22 /* ViewController.swift */ = {isa = PBXFileReference; lastKnownFileType = sourcecode.swift; path = ViewController.swift; sourceTree = "<group>"; };
		5125C91F1BFEE156007D9E22 /* Base */ = {isa = PBXFileReference; lastKnownFileType = file.storyboard; name = Base; path = Base.lproj/Main.storyboard; sourceTree = "<group>"; };
		5125C9211BFEE156007D9E22 /* Assets.xcassets */ = {isa = PBXFileReference; lastKnownFileType = folder.assetcatalog; path = Assets.xcassets; sourceTree = "<group>"; };
		5125C9241BFEE156007D9E22 /* Base */ = {isa = PBXFileReference; lastKnownFileType = file.storyboard; name = Base; path = Base.lproj/LaunchScreen.storyboard; sourceTree = "<group>"; };
		5125C9261BFEE156007D9E22 /* Info.plist */ = {isa = PBXFileReference; lastKnownFileType = text.plist.xml; path = Info.plist; sourceTree = "<group>"; };
		5125C92B1BFEE156007D9E22 /* FirstTests.xctest */ = {isa = PBXFileReference; explicitFileType = wrapper.cfbundle; includeInIndex = 0; path = FirstTests.xctest; sourceTree = BUILT_PRODUCTS_DIR; };
		5125C92F1BFEE156007D9E22 /* FirstTests.swift */ = {isa = PBXFileReference; lastKnownFileType = sourcecode.swift; path = FirstTests.swift; sourceTree = "<group>"; };
		5125C9311BFEE156007D9E22 /* Info.plist */ = {isa = PBXFileReference; lastKnownFileType = text.plist.xml; path = Info.plist; sourceTree = "<group>"; };
/* End PBXFileReference section */

/* Begin PBXFrameworksBuildPhase section */
		5125C9141BFEE156007D9E22 /* Frameworks */ = {
			isa = PBXFrameworksBuildPhase;
			buildActionMask = 2147483647;
			files = (
			);
			runOnlyForDeploymentPostprocessing = 0;
		};
		5125C9281BFEE156007D9E22 /* Frameworks */ = {
			isa = PBXFrameworksBuildPhase;
			buildActionMask = 2147483647;
			files = (
			);
			runOnlyForDeploymentPostprocessing = 0;
		};
/* End PBXFrameworksBuildPhase section */

/* Begin PBXGroup section */
		5125C90E1BFEE156007D9E22 = {
			isa = PBXGroup;
			children = (
				5125C9191BFEE156007D9E22 /* First */,
				5125C92E1BFEE156007D9E22 /* FirstTests */,
				5125C9181BFEE156007D9E22 /* Products */,
			);
			sourceTree = "<group>";
		};
		5125C9181BFEE156007D9E22 /* Products */ = {
			isa = PBXGroup;
			children = (
				5125C9171BFEE156007D9E22 /* First.app */,
				5125C92B1BFEE156007D9E22 /* FirstTests.xctest */,
			);
			name = Products;
			sourceTree = "<group>";
		};
		5125C9191BFEE156007D9E22 /* First */ = {
			isa = PBXGroup;
			children = (
				5125C91A1BFEE156007D9E22 /* AppDelegate.swift */,
				5125C91C1BFEE156007D9E22 /* ViewController.swift */,
				5125C91E1BFEE156007D9E22 /* Main.storyboard */,
				5125C9211BFEE156007D9E22 /* Assets.xcassets */,
				5125C9231BFEE156007D9E22 /* LaunchScreen.storyboard */,
				5125C9261BFEE156007D9E22 /* Info.plist */,
			);
			path = First;
			sourceTree = "<group>";
		};
		5125C92E1BFEE156007D9E22 /* FirstTests */ = {
			isa = PBXGroup;
			children = (
				5125C92F1BFEE156007D9E22 /* FirstTests.swift */,
				5125C9311BFEE156007D9E22 /* Info.plist */,
			);
			path = FirstTests;
			sourceTree = "<group>";
		};
/* End PBXGroup section */

/* Begin PBXNativeTarget section */
		5125C9161BFEE156007D9E22 /* First */ = {
			isa = PBXNativeTarget;
			buildConfigurationList = 5125C9341BFEE156007D9E22 /* Build configuration list for PBXNativeTarget "First" */;
			buildPhases = (
				5125C9131BFEE156007D9E22 /* Sources */,
				5125C9141BFEE156007D9E22 /* Frameworks */,
				5125C9151BFEE156007D9E22 /* Resources */,
			);
			buildRules = (
			);
			dependencies = (
			);
			name = First;
			productName = First;
			productReference = 5125C9171BFEE156007D9E22 /* First.app */;
			productType = "com.apple.product-type.application";
		};
		5125C92A1BFEE156007D9E22 /* FirstTests */ = {
			isa = PBXNativeTarget;
			buildConfigurationList = 5125C9371BFEE156007D9E22 /* Build configuration list for PBXNativeTarget "FirstTests" */;
			buildPhases = (
				5125C9271BFEE156007D9E22 /* Sources */,
				5125C9281BFEE156007D9E22 /* Frameworks */,
				5125C9291BFEE156007D9E22 /* Resources */,
			);
			buildRules = (
			);
			dependencies = (
				5125C92D1BFEE156007D9E22 /* PBXTargetDependency */,
			);
			name = FirstTests;
			productName = FirstTests;
			productReference = 5125C92B1BFEE156007D9E22 /* FirstTests.xctest */;
			productType = "com.apple.product-type.bundle.unit-test";
		};
/* End PBXNativeTarget section */

/* Begin PBXProject section */
		5125C90F1BFEE156007D9E22 /* Project object */ = {
			isa = PBXProject;
			attributes = {
				LastUpgradeCheck = 0700;
				ORGANIZATIONNAME = user113228;
				TargetAttributes = {
					5125C9161BFEE156007D9E22 = {
						CreatedOnToolsVersion = 7.0.1;
					};
					5125C92A1BFEE156007D9E22 = {
						CreatedOnToolsVersion = 7.0.1;
						TestTargetID = 5125C9161BFEE156007D9E22;
					};
				};
			};
			buildConfigurationList = 5125C9121BFEE156007D9E22 /* Build configuration list for PBXProject "First" */;
			compatibilityVersion = "Xcode 3.2";
			developmentRegion = English;
			hasScannedForEncodings = 0;
			knownRegions = (
				en,
				Base,
			);
			mainGroup = 5125C90E1BFEE156007D9E22;
			productRefGroup = 5125C9181BFEE156007D9E22 /* Products */;
			projectDirPath = "";
			projectRoot = "";
			targets = (
				5125C9161BFEE156007D9E22 /* First */,
				5125C92A1BFEE156007D9E22 /* FirstTests */,
			);
		};
/* End PBXProject section */

/* Begin PBXResourcesBuildPhase section */
		5125C9151BFEE156007D9E22 /* Resources */ = {
			isa = PBXResourcesBuildPhase;
			buildActionMask = 2147483647;
			files = (
				5125C9251BFEE156007D9E22 /* LaunchScreen.storyboard in Resources */,
				5125C9221BFEE156007D9E22 /* Assets.xcassets in Resources */,
				5125C9201BFEE156007D9E22 /* Main.storyboard in Resources */,
			);
			runOnlyForDeploymentPostprocessing = 0;
		};
		5125C9291BFEE156007D9E22 /* Resources */ = {
			isa = PBXResourcesBuildPhase;
			buildActionMask = 2147483647;
			files = (
			);
			runOnlyForDeploymentPostprocessing = 0;
		};
/* End PBXResourcesBuildPhase section */

/* Begin PBXSourcesBuildPhase section */
		5125C9131BFEE156007D9E22 /* Sources */ = {
			isa = PBXSourcesBuildPhase;
			buildActionMask = 2147483647;
			files = (
				5125C91D1BFEE156007D9E22 /* ViewController.swift in Sources */,
				5125C91B1BFEE156007D9E22 /* AppDelegate.swift in Sources */,
			);
			runOnlyForDeploymentPostprocessing = 0;
		};
		5125C9271BFEE156007D9E22 /* Sources */ = {
			isa = PBXSourcesBuildPhase;
			buildActionMask = 2147483647;
			files = (
				5125C9301BFEE156007D9E22 /* FirstTests.swift in Sources */,
			);
			runOnlyForDeploymentPostprocessing = 0;
		};
/* End PBXSourcesBuildPhase section */

/* Begin PBXTargetDependency section */
		5125C92D1BFEE156007D9E22 /* PBXTargetDependency */ = {
			isa = PBXTargetDependency;
			target = 5125C9161BFEE156007D9E22 /* First */;
			targetProxy = 5125C92C1BFEE156007D9E22 /* PBXContainerItemProxy */;
		};
/* End PBXTargetDependency section */

/* Begin PBXVariantGroup section */
		5125C91E1BFEE156007D9E22 /* Main.storyboard */ = {
			isa = PBXVariantGroup;
			children = (
				5125C91F1BFEE156007D9E22 /* Base */,
			);
			name = Main.storyboard;
			sourceTree = "<group>";
		};
		5125C9231BFEE156007D9E22 /* LaunchScreen.storyboard */ = {
			isa = PBXVariantGroup;
			children = (
				5125C9241BFEE156007D9E22 /* Base */,
			);
			name = LaunchScreen.storyboard;
			sourceTree = "<group>";
		};
/* End PBXVariantGroup section */

/* Begin XCBuildConfiguration section */
		5125C9321BFEE156007D9E22 /* Debug */ = {
			isa = XCBuildConfiguration;
			buildSettings = {
				ALWAYS_SEARCH_USER_PATHS = NO;
				CLANG_CXX_LANGUAGE_STANDARD = "gnu++0x";
				CLANG_CXX_LIBRARY = "libc++";
				CLANG_ENABLE_MODULES = YES;
				CLANG_ENABLE_OBJC_ARC = YES;
				CLANG_WARN_BOOL_CONVERSION = YES;
				CLANG_WARN_CONSTANT_CONVERSION = YES;
				CLANG_WARN_DIRECT_OBJC_ISA_USAGE = YES_ERROR;
				CLANG_WARN_EMPTY_BODY = YES;
				CLANG_WARN_ENUM_CONVERSION = YES;
				CLANG_WARN_INT_CONVERSION = YES;
				CLANG_WARN_OBJC_ROOT_CLASS = YES_ERROR;
				CLANG_WARN_UNREACHABLE_CODE = YES;
				CLANG_WARN__DUPLICATE_METHOD_MATCH = YES;
				"CODE_SIGN_IDENTITY[sdk=iphoneos*]" = "iPhone Developer";
				COPY_PHASE_STRIP = NO;
				DEBUG_INFORMATION_FORMAT = dwarf;
				ENABLE_STRICT_OBJC_MSGSEND = YES;
				ENABLE_TESTABILITY = YES;
				GCC_C_LANGUAGE_STANDARD = gnu99;
				GCC_DYNAMIC_NO_PIC = NO;
				GCC_NO_COMMON_BLOCKS = YES;
				GCC_OPTIMIZATION_LEVEL = 0;
				GCC_PREPROCESSOR_DEFINITIONS = (
					"DEBUG=1",
					"$(inherited)",
				);
				GCC_WARN_64_TO_32_BIT_CONVERSION = YES;
				GCC_WARN_ABOUT_RETURN_TYPE = YES_ERROR;
				GCC_WARN_UNDECLARED_SELECTOR = YES;
				GCC_WARN_UNINITIALIZED_AUTOS = YES_AGGRESSIVE;
				GCC_WARN_UNUSED_FUNCTION = YES;
				GCC_WARN_UNUSED_VARIABLE = YES;
				IPHONEOS_DEPLOYMENT_TARGET = 9.0;
				MTL_ENABLE_DEBUG_INFO = YES;
				ONLY_ACTIVE_ARCH = YES;
				SDKROOT = iphoneos;
				SWIFT_OPTIMIZATION_LEVEL = "-Onone";
				TARGETED_DEVICE_FAMILY = "1,2";
			};
			name = Debug;
		};
		5125C9331BFEE156007D9E22 /* Release */ = {
			isa = XCBuildConfiguration;
			buildSettings = {
				ALWAYS_SEARCH_USER_PATHS = NO;
				CLANG_CXX_LANGUAGE_STANDARD = "gnu++0x";
				CLANG_CXX_LIBRARY = "libc++";
				CLANG_ENABLE_MODULES = YES;
				CLANG_ENABLE_OBJC_ARC = YES;
				CLANG_WARN_BOOL_CONVERSION = YES;
				CLANG_WARN_CONSTANT_CONVERSION = YES;
				CLANG_WARN_DIRECT_OBJC_ISA_USAGE = YES_ERROR;
				CLANG_WARN_EMPTY_BODY = YES;
				CLANG_WARN_ENUM_CONVERSION = YES;
				CLANG_WARN_INT_CONVERSION = YES;
				CLANG_WARN_OBJC_ROOT_CLASS = YES_ERROR;
				CLANG_WARN_UNREACHABLE_CODE = YES;
				CLANG_WARN__DUPLICATE_METHOD_MATCH = YES;
				"CODE_SIGN_IDENTITY[sdk=iphoneos*]" = "iPhone Developer";
				COPY_PHASE_STRIP = NO;
				DEBUG_INFORMATION_FORMAT = "dwarf-with-dsym";
				ENABLE_NS_ASSERTIONS = NO;
				ENABLE_STRICT_OBJC_MSGSEND = YES;
				GCC_C_LANGUAGE_STANDARD = gnu99;
				GCC_NO_COMMON_BLOCKS = YES;
				GCC_WARN_64_TO_32_BIT_CONVERSION = YES;
				GCC_WARN_ABOUT_RETURN_TYPE = YES_ERROR;
				GCC_WARN_UNDECLARED_SELECTOR = YES;
				GCC_WARN_UNINITIALIZED_AUTOS = YES_AGGRESSIVE;
				GCC_WARN_UNUSED_FUNCTION = YES;
				GCC_WARN_UNUSED_VARIABLE = YES;
				IPHONEOS_DEPLOYMENT_TARGET = 9.0;
				MTL_ENABLE_DEBUG_INFO = NO;
				SDKROOT = iphoneos;
				TARGETED_DEVICE_FAMILY = "1,2";
				VALIDATE_PRODUCT = YES;
			};
			name = Release;
		};
		5125C9351BFEE156007D9E22 /* Debug */ = {
			isa = XCBuildConfiguration;
			buildSettings = {
				ASSETCATALOG_COMPILER_APPICON_NAME = AppIcon;
				INFOPLIST_FILE = First/Info.plist;
				LD_RUNPATH_SEARCH_PATHS = "$(inherited) @executable_path/Frameworks";
				PRODUCT_BUNDLE_IDENTIFIER = com.laksh.First;
				PRODUCT_NAME = "$(TARGET_NAME)";
			};
			name = Debug;
		};
		5125C9361BFEE156007D9E22 /* Release */ = {
			isa = XCBuildConfiguration;
			buildSettings = {
				ASSETCATALOG_COMPILER_APPICON_NAME = AppIcon;
				INFOPLIST_FILE = First/Info.plist;
				LD_RUNPATH_SEARCH_PATHS = "$(inherited) @executable_path/Frameworks";
				PRODUCT_BUNDLE_IDENTIFIER = com.laksh.First;
				PRODUCT_NAME = "$(TARGET_NAME)";
			};
			name = Release;
		};
		5125C9381BFEE156007D9E22 /* Debug */ = {
			isa = XCBuildConfiguration;
			buildSettings = {
				BUNDLE_LOADER = "$(TEST_HOST)";
				INFOPLIST_FILE = FirstTests/Info.plist;
				LD_RUNPATH_SEARCH_PATHS = "$(inherited) @executable_path/Frameworks @loader_path/Frameworks";
				PRODUCT_BUNDLE_IDENTIFIER = com.laksh.FirstTests;
				PRODUCT_NAME = "$(TARGET_NAME)";
				TEST_HOST = "$(BUILT_PRODUCTS_DIR)/First.app/First";
			};
			name = Debug;
		};
		5125C9391BFEE156007D9E22 /* Release */ = {
			isa = XCBuildConfiguration;
			buildSettings = {
				BUNDLE_LOADER = "$(TEST_HOST)";
				INFOPLIST_FILE = FirstTests/Info.plist;
				LD_RUNPATH_SEARCH_PATHS = "$(inherited) @executable_path/Frameworks @loader_path/Frameworks";
				PRODUCT_BUNDLE_IDENTIFIER = com.laksh.FirstTests;
				PRODUCT_NAME = "$(TARGET_NAME)";
				TEST_HOST = "$(BUILT_PRODUCTS_DIR)/First.app/First";
			};
			name = Release;
		};
/* End XCBuildConfiguration section */

/* Begin XCConfigurationList section */
		5125C9121BFEE156007D9E22 /* Build configuration list for PBXProject "First" */ = {
			isa = XCConfigurationList;
			buildConfigurations = (
				5125C9321BFEE156007D9E22 /* Debug */,
				5125C9331BFEE156007D9E22 /* Release */,
			);
			defaultConfigurationIsVisible = 0;
			defaultConfigurationName = Release;
		};
		5125C9341BFEE156007D9E22 /* Build configuration list for PBXNativeTarget "First" */ = {
			isa = XCConfigurationList;
			buildConfigurations = (
				5125C9351BFEE156007D9E22 /* Debug */,
				5125C9361BFEE156007D9E22 /* Release */,
			);
			defaultConfigurationIsVisible = 0;
		};
		5125C9371BFEE156007D9E22 /* Build configuration list for PBXNativeTarget "FirstTests" */ = {
			isa = XCConfigurationList;
			buildConfigurations = (
				5125C9381BFEE156007D9E22 /* Debug */,
				5125C9391BFEE156007D9E22 /* Release */,
			);
			defaultConfigurationIsVisible = 0;
		};
/* End XCConfigurationList section */
	};
	rootObject = 5125C90F1BFEE156007D9E22 /* Project object */;
}
